github.com/dustin/go-humanize v1.0.0 h1:VSnTsYCnlFHaM2/igO1h6X3HA71jcobQuxemgkq4zYo=
github.com/dustin/go-humanize v1.0.0/go.mod h1:HtrtbFcZ19U5GC7JDqmcUSB87Iq5E25KnS6fMYU6eOk=
github.com/konsorten/go-xdelta v0.3.1 h1:gVGulxIeqc15fE85AdfLTftmA7Ou/hT82ukIz8meF+Y=
github.com/konsorten/go-xdelta v0.3.1/go.mod h1:KJMRjPhUR25uRfbod4HnByFMaq/6Jel4Yt9qDU/E2wE=
golang.org/x/sys v0.0.0-20190214214411-e77772198cdc h1:PkRkk0lptxM8Ms6WIrd4MztFbP96xOFP8GTRMhXsJdM=
golang.org/x/sys v0.0.0-20190214214411-e77772198cdc/go.mod h1:STP8DvDyc/dI5b8T5hshtkjS+E42TnysNCUPdjciGhY=
